
Microsoft Visual Studio Solution File, Format Version 12.00
# Visual Studio Version 16
VisualStudioVersion = 16.0.31205.134
MinimumVisualStudioVersion = 10.0.40219.1
Project("{FAE04EC0-301F-11D3-BF4B-00C04F79EFBC}") = "P1-DOTNET", "P1-DOTNET\P1-DOTNET.csproj", "{845DB52D-D6AC-4ED2-8941-34A79EC18C99}"
EndProject
Global
	GlobalSection(SolutionConfigurationPlatforms) = preSolution
		Debug|Any CPU = Debug|Any CPU
		Release|Any CPU = Release|Any CPU
	EndGlobalSection
	GlobalSection(ProjectConfigurationPlatforms) = postSolution
		{845DB52D-D6AC-4ED2-8941-34A79EC18C99}.Debug|Any CPU.ActiveCfg = Debug|Any CPU
		{845DB52D-D6AC-4ED2-8941-34A79EC18C99}.Debug|Any CPU.Build.0 = Debug|Any CPU
		{845DB52D-D6AC-4ED2-8941-34A79EC18C99}.Release|Any CPU.ActiveCfg = Release|Any CPU
		{845DB52D-D6AC-4ED2-8941-34A79EC18C99}.Release|Any CPU.Build.0 = Release|Any CPU
	EndGlobalSection
	GlobalSection(SolutionProperties) = preSolution
		HideSolutionNode = FALSE
	EndGlobalSection
	GlobalSection(ExtensibilityGlobals) = postSolution
		SolutionGuid = {7A85022E-7B6B-4D77-B5B1-10606AC61031}
	EndGlobalSection
EndGlobal
